// !$*UTF8*$!
{
	archiveVersion = 1;
	classes = {
	};
	objectVersion = 56;
	objects = {

/* Begin PBXBuildFile section */
		0171FBD4294BA58C007DCD99 /* BlkBrdVoiceRecorderApp.swift in Sources */ = {isa = PBXBuildFile; fileRef = 0171FBD3294BA58C007DCD99 /* BlkBrdVoiceRecorderApp.swift */; };
		0171FBD6294BA58C007DCD99 /* ContentView.swift in Sources */ = {isa = PBXBuildFile; fileRef = 0171FBD5294BA58C007DCD99 /* ContentView.swift */; };
		0171FBD8294BA58D007DCD99 /* Assets.xcassets in Resources */ = {isa = PBXBuildFile; fileRef = 0171FBD7294BA58D007DCD99 /* Assets.xcassets */; };
		0171FBDB294BA58D007DCD99 /* Preview Assets.xcassets in Resources */ = {isa = PBXBuildFile; fileRef = 0171FBDA294BA58D007DCD99 /* Preview Assets.xcassets */; };
		0171FBE2294BA79C007DCD99 /* AudioRecorder.swift in Sources */ = {isa = PBXBuildFile; fileRef = 0171FBE1294BA79C007DCD99 /* AudioRecorder.swift */; };
		0171FBE4294BAD45007DCD99 /* RecordingsList.swift in Sources */ = {isa = PBXBuildFile; fileRef = 0171FBE3294BAD45007DCD99 /* RecordingsList.swift */; };
		0171FBE6294BB259007DCD99 /* Extensions.swift in Sources */ = {isa = PBXBuildFile; fileRef = 0171FBE5294BB259007DCD99 /* Extensions.swift */; };
		0171FBE8294BBC1B007DCD99 /* RecordingDataModel.swift in Sources */ = {isa = PBXBuildFile; fileRef = 0171FBE7294BBC1B007DCD99 /* RecordingDataModel.swift */; };
		0171FBEA294BBE3D007DCD99 /* Helper.swift in Sources */ = {isa = PBXBuildFile; fileRef = 0171FBE9294BBE3D007DCD99 /* Helper.swift */; };
		0171FBEC294BCF31007DCD99 /* AudioPlayer.swift in Sources */ = {isa = PBXBuildFile; fileRef = 0171FBEB294BCF31007DCD99 /* AudioPlayer.swift */; };
/* End PBXBuildFile section */

/* Begin PBXFileReference section */
		0171FBD0294BA58C007DCD99 /* BlkBrdVoiceRecorder.app */ = {isa = PBXFileReference; explicitFileType = wrapper.application; includeInIndex = 0; path = BlkBrdVoiceRecorder.app; sourceTree = BUILT_PRODUCTS_DIR; };
		0171FBD3294BA58C007DCD99 /* BlkBrdVoiceRecorderApp.swift */ = {isa = PBXFileReference; lastKnownFileType = sourcecode.swift; path = BlkBrdVoiceRecorderApp.swift; sourceTree = "<group>"; };
		0171FBD5294BA58C007DCD99 /* ContentView.swift */ = {isa = PBXFileReference; lastKnownFileType = sourcecode.swift; path = ContentView.swift; sourceTree = "<group>"; };
		0171FBD7294BA58D007DCD99 /* Assets.xcassets */ = {isa = PBXFileReference; lastKnownFileType = folder.assetcatalog; path = Assets.xcassets; sourceTree = "<group>"; };
		0171FBDA294BA58D007DCD99 /* Preview Assets.xcassets */ = {isa = PBXFileReference; lastKnownFileType = folder.assetcatalog; path = "Preview Assets.xcassets"; sourceTree = "<group>"; };
		0171FBE1294BA79C007DCD99 /* AudioRecorder.swift */ = {isa = PBXFileReference; lastKnownFileType = sourcecode.swift; path = AudioRecorder.swift; sourceTree = "<group>"; };
		0171FBE3294BAD45007DCD99 /* RecordingsList.swift */ = {isa = PBXFileReference; lastKnownFileType = sourcecode.swift; path = RecordingsList.swift; sourceTree = "<group>"; };
		0171FBE5294BB259007DCD99 /* Extensions.swift */ = {isa = PBXFileReference; lastKnownFileType = sourcecode.swift; path = Extensions.swift; sourceTree = "<group>"; };
		0171FBE7294BBC1B007DCD99 /* RecordingDataModel.swift */ = {isa = PBXFileReference; lastKnownFileType = sourcecode.swift; path = RecordingDataModel.swift; sourceTree = "<group>"; };
		0171FBE9294BBE3D007DCD99 /* Helper.swift */ = {isa = PBXFileReference; lastKnownFileType = sourcecode.swift; path = Helper.swift; sourceTree = "<group>"; };
		0171FBEB294BCF31007DCD99 /* AudioPlayer.swift */ = {isa = PBXFileReference; lastKnownFileType = sourcecode.swift; path = AudioPlayer.swift; sourceTree = "<group>"; };
/* End PBXFileReference section */

/* Begin PBXFrameworksBuildPhase section */
		0171FBCD294BA58C007DCD99 /* Frameworks */ = {
			isa = PBXFrameworksBuildPhase;
			buildActionMask = 2147483647;
			files = (
			);
			runOnlyForDeploymentPostprocessing = 0;
		};
/* End PBXFrameworksBuildPhase section */

/* Begin PBXGroup section */
		0171FBC7294BA58C007DCD99 = {
			isa = PBXGroup;
			children = (
				0171FBD2294BA58C007DCD99 /* BlkBrdVoiceRecorder */,
				0171FBD1294BA58C007DCD99 /* Products */,
			);
			sourceTree = "<group>";
		};
		0171FBD1294BA58C007DCD99 /* Products */ = {
			isa = PBXGroup;
			children = (
				0171FBD0294BA58C007DCD99 /* BlkBrdVoiceRecorder.app */,
			);
			name = Products;
			sourceTree = "<group>";
		};
		0171FBD2294BA58C007DCD99 /* BlkBrdVoiceRecorder */ = {
			isa = PBXGroup;
			children = (
				0171FBD3294BA58C007DCD99 /* BlkBrdVoiceRecorderApp.swift */,
				0171FBD5294BA58C007DCD99 /* ContentView.swift */,
				0171FBD7294BA58D007DCD99 /* Assets.xcassets */,
				0171FBD9294BA58D007DCD99 /* Preview Content */,
				0171FBE1294BA79C007DCD99 /* AudioRecorder.swift */,
				0171FBE3294BAD45007DCD99 /* RecordingsList.swift */,
				0171FBE5294BB259007DCD99 /* Extensions.swift */,
				0171FBE7294BBC1B007DCD99 /* RecordingDataModel.swift */,
				0171FBE9294BBE3D007DCD99 /* Helper.swift */,
				0171FBEB294BCF31007DCD99 /* AudioPlayer.swift */,
			);
			path = BlkBrdVoiceRecorder;
			sourceTree = "<group>";
		};
		0171FBD9294BA58D007DCD99 /* Preview Content */ = {
			isa = PBXGroup;
			children = (
				0171FBDA294BA58D007DCD99 /* Preview Assets.xcassets */,
			);
			path = "Preview Content";
			sourceTree = "<group>";
		};
/* End PBXGroup section */

/* Begin PBXNativeTarget section */
		0171FBCF294BA58C007DCD99 /* BlkBrdVoiceRecorder */ = {
			isa = PBXNativeTarget;
			buildConfigurationList = 0171FBDE294BA58D007DCD99 /* Build configuration list for PBXNativeTarget "BlkBrdVoiceRecorder" */;
			buildPhases = (
				0171FBCC294BA58C007DCD99 /* Sources */,
				0171FBCD294BA58C007DCD99 /* Frameworks */,
				0171FBCE294BA58C007DCD99 /* Resources */,
			);
			buildRules = (
			);
			dependencies = (
			);
			name = BlkBrdVoiceRecorder;
			productName = BlkBrdVoiceRecorder;
			productReference = 0171FBD0294BA58C007DCD99 /* BlkBrdVoiceRecorder.app */;
			productType = "com.apple.product-type.application";
		};
/* End PBXNativeTarget section */

/* Begin PBXProject section */
		0171FBC8294BA58C007DCD99 /* Project object */ = {
			isa = PBXProject;
			attributes = {
				BuildIndependentTargetsInParallel = 1;
				LastSwiftUpdateCheck = 1420;
				LastUpgradeCheck = 1420;
				TargetAttributes = {
					0171FBCF294BA58C007DCD99 = {
						CreatedOnToolsVersion = 14.2;
					};
				};
			};
			buildConfigurationList = 0171FBCB294BA58C007DCD99 /* Build configuration list for PBXProject "BlkBrdVoiceRecorder" */;
			compatibilityVersion = "Xcode 14.0";
			developmentRegion = en;
			hasScannedForEncodings = 0;
			knownRegions = (
				en,
				Base,
			);
			mainGroup = 0171FBC7294BA58C007DCD99;
			productRefGroup = 0171FBD1294BA58C007DCD99 /* Products */;
			projectDirPath = "";
			projectRoot = "";
			targets = (
				0171FBCF294BA58C007DCD99 /* BlkBrdVoiceRecorder */,
			);
		};
/* End PBXProject section */

/* Begin PBXResourcesBuildPhase section */
		0171FBCE294BA58C007DCD99 /* Resources */ = {
			isa = PBXResourcesBuildPhase;
			buildActionMask = 2147483647;
			files = (
				0171FBDB294BA58D007DCD99 /* Preview Assets.xcassets in Resources */,
				0171FBD8294BA58D007DCD99 /* Assets.xcassets in Resources */,
			);
			runOnlyForDeploymentPostprocessing = 0;
		};
/* End PBXResourcesBuildPhase section */

/* Begin PBXSourcesBuildPhase section */
		0171FBCC294BA58C007DCD99 /* Sources */ = {
			isa = PBXSourcesBuildPhase;
			buildActionMask = 2147483647;
			files = (
				0171FBE6294BB259007DCD99 /* Extensions.swift in Sources */,
				0171FBEA294BBE3D007DCD99 /* Helper.swift in Sources */,
				0171FBE2294BA79C007DCD99 /* AudioRecorder.swift in Sources */,
				0171FBEC294BCF31007DCD99 /* AudioPlayer.swift in Sources */,
				0171FBD6294BA58C007DCD99 /* ContentView.swift in Sources */,
				0171FBE8294BBC1B007DCD99 /* RecordingDataModel.swift in Sources */,
				0171FBD4294BA58C007DCD99 /* BlkBrdVoiceRecorderApp.swift in Sources */,
				0171FBE4294BAD45007DCD99 /* RecordingsList.swift in Sources */,
			);
			runOnlyForDeploymentPostprocessing = 0;
		};
/* End PBXSourcesBuildPhase section */

/* Begin XCBuildConfiguration section */
		0171FBDC294BA58D007DCD99 /* Debug */ = {
			isa = XCBuildConfiguration;
			buildSettings = {
				ALWAYS_SEARCH_USER_PATHS = NO;
				CLANG_ANALYZER_NONNULL = YES;
				CLANG_ANALYZER_NUMBER_OBJECT_CONVERSION = YES_AGGRESSIVE;
				CLANG_CXX_LANGUAGE_STANDARD = "gnu++20";
				CLANG_ENABLE_MODULES = YES;
				CLANG_ENABLE_OBJC_ARC = YES;
				CLANG_ENABLE_OBJC_WEAK = YES;
				CLANG_WARN_BLOCK_CAPTURE_AUTORELEASING = YES;
				CLANG_WARN_BOOL_CONVERSION = YES;
				CLANG_WARN_COMMA = YES;
				CLANG_WARN_CONSTANT_CONVERSION = YES;
				CLANG_WARN_DEPRECATED_OBJC_IMPLEMENTATIONS = YES;
				CLANG_WARN_DIRECT_OBJC_ISA_USAGE = YES_ERROR;
				CLANG_WARN_DOCUMENTATION_COMMENTS = YES;
				CLANG_WARN_EMPTY_BODY = YES;
				CLANG_WARN_ENUM_CONVERSION = YES;
				CLANG_WARN_INFINITE_RECURSION = YES;
				CLANG_WARN_INT_CONVERSION = YES;
				CLANG_WARN_NON_LITERAL_NULL_CONVERSION = YES;
				CLANG_WARN_OBJC_IMPLICIT_RETAIN_SELF = YES;
				CLANG_WARN_OBJC_LITERAL_CONVERSION = YES;
				CLANG_WARN_OBJC_ROOT_CLASS = YES_ERROR;
				CLANG_WARN_QUOTED_INCLUDE_IN_FRAMEWORK_HEADER = YES;
				CLANG_WARN_RANGE_LOOP_ANALYSIS = YES;
				CLANG_WARN_STRICT_PROTOTYPES = YES;
				CLANG_WARN_SUSPICIOUS_MOVE = YES;
				CLANG_WARN_UNGUARDED_AVAILABILITY = YES_AGGRESSIVE;
				CLANG_WARN_UNREACHABLE_CODE = YES;
				CLANG_WARN__DUPLICATE_METHOD_MATCH = YES;
				COPY_PHASE_STRIP = NO;
				DEBUG_INFORMATION_FORMAT = dwarf;
				ENABLE_STRICT_OBJC_MSGSEND = YES;
				ENABLE_TESTABILITY = YES;
				GCC_C_LANGUAGE_STANDARD = gnu11;
				GCC_DYNAMIC_NO_PIC = NO;
				GCC_NO_COMMON_BLOCKS = YES;
				GCC_OPTIMIZATION_LEVEL = 0;
				GCC_PREPROCESSOR_DEFINITIONS = (
					"DEBUG=1",
					"$(inherited)",
				);
				GCC_WARN_64_TO_32_BIT_CONVERSION = YES;
				GCC_WARN_ABOUT_RETURN_TYPE = YES_ERROR;
				GCC_WARN_UNDECLARED_SELECTOR = YES;
				GCC_WARN_UNINITIALIZED_AUTOS = YES_AGGRESSIVE;
				GCC_WARN_UNUSED_FUNCTION = YES;
				GCC_WARN_UNUSED_VARIABLE = YES;
				IPHONEOS_DEPLOYMENT_TARGET = 16.2;
				MTL_ENABLE_DEBUG_INFO = INCLUDE_SOURCE;
				MTL_FAST_MATH = YES;
				ONLY_ACTIVE_ARCH = YES;
				SDKROOT = iphoneos;
				SWIFT_ACTIVE_COMPILATION_CONDITIONS = DEBUG;
				SWIFT_OPTIMIZATION_LEVEL = "-Onone";
			};
			name = Debug;
		};
		0171FBDD294BA58D007DCD99 /* Release */ = {
			isa = XCBuildConfiguration;
			buildSettings = {
				ALWAYS_SEARCH_USER_PATHS = NO;
				CLANG_ANALYZER_NONNULL = YES;
				CLANG_ANALYZER_NUMBER_OBJECT_CONVERSION = YES_AGGRESSIVE;
				CLANG_CXX_LANGUAGE_STANDARD = "gnu++20";
				CLANG_ENABLE_MODULES = YES;
				CLANG_ENABLE_OBJC_ARC = YES;
				CLANG_ENABLE_OBJC_WEAK = YES;
				CLANG_WARN_BLOCK_CAPTURE_AUTORELEASING = YES;
				CLANG_WARN_BOOL_CONVERSION = YES;
				CLANG_WARN_COMMA = YES;
				CLANG_WARN_CONSTANT_CONVERSION = YES;
				CLANG_WARN_DEPRECATED_OBJC_IMPLEMENTATIONS = YES;
				CLANG_WARN_DIRECT_OBJC_ISA_USAGE = YES_ERROR;
				CLANG_WARN_DOCUMENTATION_COMMENTS = YES;
				CLANG_WARN_EMPTY_BODY = YES;
				CLANG_WARN_ENUM_CONVERSION = YES;
				CLANG_WARN_INFINITE_RECURSION = YES;
				CLANG_WARN_INT_CONVERSION = YES;
				CLANG_WARN_NON_LITERAL_NULL_CONVERSION = YES;
				CLANG_WARN_OBJC_IMPLICIT_RETAIN_SELF = YES;
				CLANG_WARN_OBJC_LITERAL_CONVERSION = YES;
				CLANG_WARN_OBJC_ROOT_CLASS = YES_ERROR;
				CLANG_WARN_QUOTED_INCLUDE_IN_FRAMEWORK_HEADER = YES;
				CLANG_WARN_RANGE_LOOP_ANALYSIS = YES;
				CLANG_WARN_STRICT_PROTOTYPES = YES;
				CLANG_WARN_SUSPICIOUS_MOVE = YES;
				CLANG_WARN_UNGUARDED_AVAILABILITY = YES_AGGRESSIVE;
				CLANG_WARN_UNREACHABLE_CODE = YES;
				CLANG_WARN__DUPLICATE_METHOD_MATCH = YES;
				COPY_PHASE_STRIP = NO;
				DEBUG_INFORMATION_FORMAT = "dwarf-with-dsym";
				ENABLE_NS_ASSERTIONS = NO;
				ENABLE_STRICT_OBJC_MSGSEND = YES;
				GCC_C_LANGUAGE_STANDARD = gnu11;
				GCC_NO_COMMON_BLOCKS = YES;
				GCC_WARN_64_TO_32_BIT_CONVERSION = YES;
				GCC_WARN_ABOUT_RETURN_TYPE = YES_ERROR;
				GCC_WARN_UNDECLARED_SELECTOR = YES;
				GCC_WARN_UNINITIALIZED_AUTOS = YES_AGGRESSIVE;
				GCC_WARN_UNUSED_FUNCTION = YES;
				GCC_WARN_UNUSED_VARIABLE = YES;
				IPHONEOS_DEPLOYMENT_TARGET = 16.2;
				MTL_ENABLE_DEBUG_INFO = NO;
				MTL_FAST_MATH = YES;
				SDKROOT = iphoneos;
				SWIFT_COMPILATION_MODE = wholemodule;
				SWIFT_OPTIMIZATION_LEVEL = "-O";
				VALIDATE_PRODUCT = YES;
			};
			name = Release;
		};
		0171FBDF294BA58D007DCD99 /* Debug */ = {
			isa = XCBuildConfiguration;
			buildSettings = {
				ASSETCATALOG_COMPILER_APPICON_NAME = AppIcon;
				ASSETCATALOG_COMPILER_GLOBAL_ACCENT_COLOR_NAME = AccentColor;
				CODE_SIGN_STYLE = Automatic;
				CURRENT_PROJECT_VERSION = 1;
				DEVELOPMENT_ASSET_PATHS = "\"BlkBrdVoiceRecorder/Preview Content\"";
				DEVELOPMENT_TEAM = 2MWFTHNH2D;
				ENABLE_PREVIEWS = YES;
				GENERATE_INFOPLIST_FILE = YES;
				INFOPLIST_KEY_NSMicrophoneUsageDescription = "${PRODUCT_NAME} needs to access to the microphone for recording a posts audio.";
				INFOPLIST_KEY_UIApplicationSceneManifest_Generation = YES;
				INFOPLIST_KEY_UIApplicationSupportsIndirectInputEvents = YES;
				INFOPLIST_KEY_UILaunchScreen_Generation = YES;
				INFOPLIST_KEY_UISupportedInterfaceOrientations_iPad = "UIInterfaceOrientationPortrait UIInterfaceOrientationPortraitUpsideDown UIInterfaceOrientationLandscapeLeft UIInterfaceOrientationLandscapeRight";
				INFOPLIST_KEY_UISupportedInterfaceOrientations_iPhone = "UIInterfaceOrientationPortrait UIInterfaceOrientationLandscapeLeft UIInterfaceOrientationLandscapeRight";
				LD_RUNPATH_SEARCH_PATHS = (
					"$(inherited)",
					"@executable_path/Frameworks",
				);
				MARKETING_VERSION = 1.0;
				PRODUCT_BUNDLE_IDENTIFIER = com.nickcancode.BlkBrdVoiceRecorder;
				PRODUCT_NAME = "$(TARGET_NAME)";
				SWIFT_EMIT_LOC_STRINGS = YES;
				SWIFT_VERSION = 5.0;
				TARGETED_DEVICE_FAMILY = "1,2";
			};
			name = Debug;
		};
		0171FBE0294BA58D007DCD99 /* Release */ = {
			isa = XCBuildConfiguration;
			buildSettings = {
				ASSETCATALOG_COMPILER_APPICON_NAME = AppIcon;
				ASSETCATALOG_COMPILER_GLOBAL_ACCENT_COLOR_NAME = AccentColor;
				CODE_SIGN_STYLE = Automatic;
				CURRENT_PROJECT_VERSION = 1;
				DEVELOPMENT_ASSET_PATHS = "\"BlkBrdVoiceRecorder/Preview Content\"";
				DEVELOPMENT_TEAM = 2MWFTHNH2D;
				ENABLE_PREVIEWS = YES;
				GENERATE_INFOPLIST_FILE = YES;
				INFOPLIST_KEY_NSMicrophoneUsageDescription = "${PRODUCT_NAME} needs to access to the microphone for recording a posts audio.";
				INFOPLIST_KEY_UIApplicationSceneManifest_Generation = YES;
				INFOPLIST_KEY_UIApplicationSupportsIndirectInputEvents = YES;
				INFOPLIST_KEY_UILaunchScreen_Generation = YES;
				INFOPLIST_KEY_UISupportedInterfaceOrientations_iPad = "UIInterfaceOrientationPortrait UIInterfaceOrientationPortraitUpsideDown UIInterfaceOrientationLandscapeLeft UIInterfaceOrientationLandscapeRight";
				INFOPLIST_KEY_UISupportedInterfaceOrientations_iPhone = "UIInterfaceOrientationPortrait UIInterfaceOrientationLandscapeLeft UIInterfaceOrientationLandscapeRight";
				LD_RUNPATH_SEARCH_PATHS = (
					"$(inherited)",
					"@executable_path/Frameworks",
				);
				MARKETING_VERSION = 1.0;
				PRODUCT_BUNDLE_IDENTIFIER = com.nickcancode.BlkBrdVoiceRecorder;
				PRODUCT_NAME = "$(TARGET_NAME)";
				SWIFT_EMIT_LOC_STRINGS = YES;
				SWIFT_VERSION = 5.0;
				TARGETED_DEVICE_FAMILY = "1,2";
			};
			name = Release;
		};
/* End XCBuildConfiguration section */

/* Begin XCConfigurationList section */
		0171FBCB294BA58C007DCD99 /* Build configuration list for PBXProject "BlkBrdVoiceRecorder" */ = {
			isa = XCConfigurationList;
			buildConfigurations = (
				0171FBDC294BA58D007DCD99 /* Debug */,
				0171FBDD294BA58D007DCD99 /* Release */,
			);
			defaultConfigurationIsVisible = 0;
			defaultConfigurationName = Release;
		};
		0171FBDE294BA58D007DCD99 /* Build configuration list for PBXNativeTarget "BlkBrdVoiceRecorder" */ = {
			isa = XCConfigurationList;
			buildConfigurations = (
				0171FBDF294BA58D007DCD99 /* Debug */,
				0171FBE0294BA58D007DCD99 /* Release */,
			);
			defaultConfigurationIsVisible = 0;
			defaultConfigurationName = Release;
		};
/* End XCConfigurationList section */
	};
	rootObject = 0171FBC8294BA58C007DCD99 /* Project object */;
}
